
Microsoft Visual Studio Solution File, Format Version 12.00
# Visual Studio Version 17
VisualStudioVersion = 17.2.32526.322
MinimumVisualStudioVersion = 10.0.40219.1
Project("{FAE04EC0-301F-11D3-BF4B-00C04F79EFBC}") = "TrelloWeb1", "TrelloWeb1.csproj", "{CC9C4299-D4DB-4AC2-A2C3-03342DE642FE}"
EndProject
Global
	GlobalSection(SolutionConfigurationPlatforms) = preSolution
		Debug|Any CPU = Debug|Any CPU
		Release|Any CPU = Release|Any CPU
	EndGlobalSection
	GlobalSection(ProjectConfigurationPlatforms) = postSolution
		{CC9C4299-D4DB-4AC2-A2C3-03342DE642FE}.Debug|Any CPU.ActiveCfg = Debug|Any CPU
		{CC9C4299-D4DB-4AC2-A2C3-03342DE642FE}.Debug|Any CPU.Build.0 = Debug|Any CPU
		{CC9C4299-D4DB-4AC2-A2C3-03342DE642FE}.Release|Any CPU.ActiveCfg = Release|Any CPU
		{CC9C4299-D4DB-4AC2-A2C3-03342DE642FE}.Release|Any CPU.Build.0 = Release|Any CPU
	EndGlobalSection
	GlobalSection(SolutionProperties) = preSolution
		HideSolutionNode = FALSE
	EndGlobalSection
	GlobalSection(ExtensibilityGlobals) = postSolution
		SolutionGuid = {DBA4D704-5A87-4727-90AA-31C0377647B3}
	EndGlobalSection
EndGlobal
